<?xml version="1.0" encoding="utf-8"?>
<Project ToolsVersion="4.0" xmlns="http://schemas.microsoft.com/developer/msbuild/2003">
  <ItemGroup>
    <Filter Include="Display">
      <UniqueIdentifier>{a588a832-5d04-4a29-87b4-0fe150de7d7c}</UniqueIdentifier>
    </Filter>
    <Filter Include="Lighting">
      <UniqueIdentifier>{0b096dde-7f35-4faf-9cf7-289921827b82}</UniqueIdentifier>
    </Filter>
    <Filter Include="Animation">
      <UniqueIdentifier>{fde1dce4-32c6-48a4-8203-ae90d6f8cebf}</UniqueIdentifier>
    </Filter>
    <Filter Include="Objects">
      <UniqueIdentifier>{6f35dc9e-5ed5-4c23-aae2-da3678374aa8}</UniqueIdentifier>
    </Filter>
    <Filter Include="Helpers">
      <UniqueIdentifier>{94c31c5c-d0f0-4240-9524-43a4fa03931d}</UniqueIdentifier>
    </Filter>
  </ItemGroup>
  <ItemGroup>
    <ClInclude Include="src\Camera.h">
      <Filter>Display</Filter>
    </ClInclude>
    <ClInclude Include="src\GLShader.h">
      <Filter>Display</Filter>
    </ClInclude>
    <ClInclude Include="src\Window.h">
      <Filter>Display</Filter>
    </ClInclude>
    <ClInclude Include="src\Font.h">
      <Filter>Objects</Filter>
    </ClInclude>
    <ClInclude Include="src\Sprite2D.h">
      <Filter>Objects</Filter>
    </ClInclude>
    <ClInclude Include="src\Skybox.h">
      <Filter>Objects</Filter>
    </ClInclude>
    <ClInclude Include="src\GLTexture.h">
      <Filter>Objects</Filter>
    </ClInclude>
    <ClInclude Include="src\Light.h">
      <Filter>Lighting</Filter>
    </ClInclude>
    <ClInclude Include="src\Material.h">
      <Filter>Lighting</Filter>
    </ClInclude>
    <ClInclude Include="src\ImageLoader.h">
      <Filter>Display</Filter>
    </ClInclude>
    <ClInclude Include="src\ShaderManager.h">
      <Filter>Display</Filter>
    </ClInclude>
    <ClInclude Include="src\TextureManager.h">
      <Filter>Display</Filter>
    </ClInclude>
    <ClInclude Include="src\Mesh.h">
      <Filter>Objects</Filter>
    </ClInclude>
    <ClInclude Include="src\Model.h">
      <Filter>Objects</Filter>
    </ClInclude>
    <ClInclude Include="src\GL_Helper.h">
      <Filter>Helpers</Filter>
    </ClInclude>
    <ClInclude Include="src\StarMath.h">
      <Filter>Helpers</Filter>
    </ClInclude>
    <ClInclude Include="src\Vertex.h">
      <Filter>Objects</Filter>
    </ClInclude>
    <ClInclude Include="src\Bone.h">
      <Filter>Animation</Filter>
    </ClInclude>
    <ClInclude Include="src\Skeleton.h">
      <Filter>Animation</Filter>
    </ClInclude>
    <ClInclude Include="src\Animation.h">
      <Filter>Animation</Filter>
    </ClInclude>
    <ClInclude Include="src\Renderer.h">
      <Filter>Objects</Filter>
    </ClInclude>
    <ClInclude Include="src\Particle.h">
      <Filter>Objects</Filter>
    </ClInclude>
    <ClInclude Include="src\ParticleEmitter.h">
      <Filter>Objects</Filter>
    </ClInclude>
  </ItemGroup>
  <ItemGroup>
    <ClCompile Include="src\Camera.cpp">
      <Filter>Display</Filter>
    </ClCompile>
    <ClCompile Include="src\GLShader.cpp">
      <Filter>Display</Filter>
    </ClCompile>
    <ClCompile Include="src\ImageLoader.cpp">
      <Filter>Display</Filter>
    </ClCompile>
    <ClCompile Include="src\ShaderManager.cpp">
      <Filter>Display</Filter>
    </ClCompile>
    <ClCompile Include="src\TextureManager.cpp">
      <Filter>Display</Filter>
    </ClCompile>
    <ClCompile Include="src\Window.cpp">
      <Filter>Display</Filter>
    </ClCompile>
    <ClCompile Include="src\Light.cpp">
      <Filter>Lighting</Filter>
    </ClCompile>
    <ClCompile Include="src\Material.cpp">
      <Filter>Lighting</Filter>
    </ClCompile>
    <ClCompile Include="src\Font.cpp">
      <Filter>Objects</Filter>
    </ClCompile>
    <ClCompile Include="src\Mesh.cpp">
      <Filter>Objects</Filter>
    </ClCompile>
    <ClCompile Include="src\Model.cpp">
      <Filter>Objects</Filter>
    </ClCompile>
    <ClCompile Include="src\Skybox.cpp">
      <Filter>Objects</Filter>
    </ClCompile>
    <ClCompile Include="src\Sprite2D.cpp">
      <Filter>Objects</Filter>
    </ClCompile>
    <ClCompile Include="src\Bone.cpp">
      <Filter>Animation</Filter>
    </ClCompile>
    <ClCompile Include="src\Skeleton.cpp">
      <Filter>Animation</Filter>
    </ClCompile>
    <ClCompile Include="src\Animation.cpp">
      <Filter>Animation</Filter>
    </ClCompile>
    <ClCompile Include="src\Renderer.cpp">
      <Filter>Objects</Filter>
    </ClCompile>
    <ClCompile Include="src\ParticleEmitter.cpp">
      <Filter>Objects</Filter>
    </ClCompile>
    <ClCompile Include="src\Particle.cpp">
      <Filter>Objects</Filter>
    </ClCompile>
  </ItemGroup>
</Project>